
Microsoft Visual Studio Solution File, Format Version 12.00
# Visual Studio Version 17
VisualStudioVersion = 17.3.32929.385
MinimumVisualStudioVersion = 10.0.40219.1
Project("{FAE04EC0-301F-11D3-BF4B-00C04F79EFBC}") = "CadastroDeTarefas2", "CadastroDeTarefas2\CadastroDeTarefas2.csproj", "{D5B6A39F-A5E5-4DEA-A68E-E416E2DD3968}"
EndProject
Global
	GlobalSection(SolutionConfigurationPlatforms) = preSolution
		Debug|Any CPU = Debug|Any CPU
		Release|Any CPU = Release|Any CPU
	EndGlobalSection
	GlobalSection(ProjectConfigurationPlatforms) = postSolution
		{D5B6A39F-A5E5-4DEA-A68E-E416E2DD3968}.Debug|Any CPU.ActiveCfg = Debug|Any CPU
		{D5B6A39F-A5E5-4DEA-A68E-E416E2DD3968}.Debug|Any CPU.Build.0 = Debug|Any CPU
		{D5B6A39F-A5E5-4DEA-A68E-E416E2DD3968}.Release|Any CPU.ActiveCfg = Release|Any CPU
		{D5B6A39F-A5E5-4DEA-A68E-E416E2DD3968}.Release|Any CPU.Build.0 = Release|Any CPU
	EndGlobalSection
	GlobalSection(SolutionProperties) = preSolution
		HideSolutionNode = FALSE
	EndGlobalSection
	GlobalSection(ExtensibilityGlobals) = postSolution
		SolutionGuid = {E6839FDB-FBDD-4102-9109-ECC64115584C}
	EndGlobalSection
EndGlobal
